{
  "name": "workspace",
  "lockfileVersion": 3,
  "requires": true,
  "packages": {
    "": {
      "dependencies": {
        "@replit/database": "^3.0.1"
      }
    },
    "node_modules/@replit/database": {
      "version": "3.0.1",
      "resolved": "https://registry.npmjs.org/@replit/database/-/database-3.0.1.tgz",
      "integrity": "sha512-uCmuttqjhI+unsEtXLVm28FTkdX4m815r+INkXJsIFAvHIw3+h5mJv6X/xf3YOy2jjrZVPppsjNRqFeWEQFYQw==",
      "license": "MIT",
      "engines": {
        "node": ">=18"
      }
    }
  }
}
